{
    "version": 3,
    "terraform_version": "0.11.8",
    "serial": 4,
    "lineage": "8d970c83-a3a2-6bf2-0886-988258703248",
    "modules": [
        {
            "path": [
                "root"
            ],
            "outputs": {},
            "resources": {
                "google_compute_firewall.ssh": {
                    "type": "google_compute_firewall",
                    "depends_on": [
                        "google_compute_network.neovencia-network"
                    ],
                    "primary": {
                        "id": "neovencia-platform-ssh",
                        "attributes": {
                            "allow.#": "2",
                            "allow.1367131964.ports.#": "0",
                            "allow.1367131964.protocol": "icmp",
                            "allow.827249178.ports.#": "3",
                            "allow.827249178.ports.0": "22",
                            "allow.827249178.ports.1": "80",
                            "allow.827249178.ports.2": "443",
                            "allow.827249178.protocol": "tcp",
                            "creation_timestamp": "2018-10-05T16:00:45.351-07:00",
                            "deny.#": "0",
                            "description": "",
                            "destination_ranges.#": "0",
                            "direction": "INGRESS",
                            "disabled": "false",
                            "enable_logging": "false",
                            "id": "neovencia-platform-ssh",
                            "name": "neovencia-platform-ssh",
                            "network": "https://www.googleapis.com/compute/v1/projects/neovencia/global/networks/neovencia-platform",
                            "priority": "1000",
                            "project": "neovencia",
                            "self_link": "https://www.googleapis.com/compute/v1/projects/neovencia/global/firewalls/neovencia-platform-ssh",
                            "source_ranges.#": "1",
                            "source_ranges.1080289494": "0.0.0.0/0",
                            "source_service_accounts.#": "0",
                            "source_tags.#": "0",
                            "target_service_accounts.#": "0",
                            "target_tags.#": "0"
                        },
                        "meta": {
                            "e2bfb730-ecaa-11e6-8f88-34363bc7c4c0": {
                                "create": 240000000000,
                                "delete": 240000000000,
                                "update": 240000000000
                            },
                            "schema_version": "1"
                        },
                        "tainted": false
                    },
                    "deposed": [],
                    "provider": "provider.google"
                },
                "google_compute_network.neovencia-network": {
                    "type": "google_compute_network",
                    "depends_on": [],
                    "primary": {
                        "id": "neovencia-platform",
                        "attributes": {
                            "auto_create_subnetworks": "true",
                            "description": "",
                            "gateway_ipv4": "",
                            "id": "neovencia-platform",
                            "ipv4_range": "",
                            "name": "neovencia-platform",
                            "project": "neovencia",
                            "routing_mode": "REGIONAL",
                            "self_link": "https://www.googleapis.com/compute/v1/projects/neovencia/global/networks/neovencia-platform"
                        },
                        "meta": {},
                        "tainted": false
                    },
                    "deposed": [],
                    "provider": "provider.google"
                },
                "google_compute_subnetwork.neovencia-subnet": {
                    "type": "google_compute_subnetwork",
                    "depends_on": [
                        "google_compute_network.neovencia-network"
                    ],
                    "primary": {
                        "id": "us-central1/dev-neovencia-platform-us-central1",
                        "attributes": {
                            "creation_timestamp": "2018-10-05T16:00:45.323-07:00",
                            "description": "",
                            "enable_flow_logs": "false",
                            "fingerprint": "nr7N-VT8a6k=",
                            "gateway_address": "10.1.2.1",
                            "id": "us-central1/dev-neovencia-platform-us-central1",
                            "ip_cidr_range": "10.1.2.0/24",
                            "name": "dev-neovencia-platform-us-central1",
                            "network": "https://www.googleapis.com/compute/v1/projects/neovencia/global/networks/neovencia-platform",
                            "private_ip_google_access": "false",
                            "project": "neovencia",
                            "region": "us-central1",
                            "secondary_ip_range.#": "0",
                            "self_link": "https://www.googleapis.com/compute/v1/projects/neovencia/regions/us-central1/subnetworks/dev-neovencia-platform-us-central1"
                        },
                        "meta": {
                            "e2bfb730-ecaa-11e6-8f88-34363bc7c4c0": {
                                "create": 360000000000,
                                "delete": 360000000000,
                                "update": 360000000000
                            }
                        },
                        "tainted": false
                    },
                    "deposed": [],
                    "provider": "provider.google"
                },
                "google_container_cluster.neovencia-cluster": {
                    "type": "google_container_cluster",
                    "depends_on": [
                        "google_compute_network.neovencia-network",
                        "google_compute_subnetwork.neovencia-subnet"
                    ],
                    "primary": {
                        "id": "neovencia-cluster",
                        "attributes": {
                            "additional_zones.#": "0",
                            "addons_config.#": "1",
                            "addons_config.0.horizontal_pod_autoscaling.#": "0",
                            "addons_config.0.http_load_balancing.#": "0",
                            "addons_config.0.kubernetes_dashboard.#": "0",
                            "addons_config.0.network_policy_config.#": "1",
                            "addons_config.0.network_policy_config.0.disabled": "true",
                            "cluster_ipv4_cidr": "10.8.0.0/14",
                            "description": "",
                            "enable_binary_authorization": "false",
                            "enable_kubernetes_alpha": "false",
                            "enable_legacy_abac": "false",
                            "endpoint": "35.225.132.243",
                            "id": "neovencia-cluster",
                            "initial_node_count": "1",
                            "instance_group_urls.#": "1",
                            "instance_group_urls.0": "https://www.googleapis.com/compute/v1/projects/neovencia/zones/us-central1-a/instanceGroups/gke-neovencia-cluster-default-pool-410b13ca-grp",
                            "ip_allocation_policy.#": "0",
                            "logging_service": "logging.googleapis.com",
                            "maintenance_policy.#": "0",
                            "master_auth.#": "1",
                            "master_auth.0.client_certificate": "LS0tLS1CRUdJTiBDRVJUSUZJQ0FURS0tLS0tCk1JSUMyakNDQWNLZ0F3SUJBZ0lRVWNrY3NQTWtuU0pLOEI1bFhRSFFhREFOQmdrcWhraUc5dzBCQVFzRkFEQXYKTVMwd0t3WURWUVFERXlRM1lXRmlNemhtTlMxa01tVXdMVFJoT1dVdFltWmxZUzB5WXpKbFltWTRPVEkyTVRFdwpIaGNOTVRneE1EQTJNREF3TWpNeFdoY05Nak14TURBMU1EQXdNak14V2pBUk1ROHdEUVlEVlFRREV3WmpiR2xsCmJuUXdnZ0VpTUEwR0NTcUdTSWIzRFFFQkFRVUFBNElCRHdBd2dnRUtBb0lCQVFDbDB3VjZOOEtHRWE1L1RpMjgKUHhPcVRkMkh2amlCWit6Vm82RURad0RaRlFNVGpGZmhGdjZmT0ZuTm9RS2ZwMHRXOGZPSVpVdHN3WWxjcTdjagoyUDJCbzBCLy9ObEhDMWhtaGplam9SVHFudzVHT09BU1hFa2JKR0FRSUZVSGV1RzZTdUpCN3dyb3QrZ1d5TW1sCkhxODFCQjdPRFJYYUZrQUNlVTMvRzJtQmkyczhrb0tKT3RaUlFtZWpLaUh3QzhOL0xjNHBxanN0WDBxRU95ZHMKNGs5Y1E0T1RJNkFUTEl6blVLejJzK25lVU84TGIxUzd1R0lHVWFBcjlUVXpHMXhCck1uNVNWT25xS080Nm01MQpNTkU3QUdIQ2U3b2liZWZCWXBiVTcyQXBNR0l4aHEzMHJEb25scEpCSGZkbU9SZEFkR1JDQlorakc1WjFvbjNaCmNtV2ZBZ01CQUFHakVEQU9NQXdHQTFVZEV3RUIvd1FDTUFBd0RRWUpLb1pJaHZjTkFRRUxCUUFEZ2dFQkFJYloKc1NJekpDSStFeTN6WmFacUYvU2lOQnIyTWhzT0IydzFkRzk4N1FOU09hWjA3ZVZKSzdHV0RiUVJackxSdWV1Two2cC9NUEJaWWNQemYvTFRpQ0tJdEEvR2xxaXJpZ0xpRFE5QTR5VEtiT2hROEhSazk0blhOenpkN29sUEZUQm8zCkVNYk1wcGo1OWVuMnQyZTRHVHZNMXdYdnJRTnIrWUVTZGhCQXRIYlk4RGp1ZWZ2cW56c1g2b21JcnJMMjBWWC8KU2Z2VzlEMTNtbnVqNWpNbnJsRDJybnd2Q3dQK081Z2p2dEdNa1lKMzUxTUZrdU1lWGs4R3l6WVZoNkF0cnhGRQoxbnNLNUlmcFQxc0NoWlRIOFdSd0hOMGdjRmxVNXIvUmd4MFkyV3N2eXlpbUcwK2JyRXhGeCtmVHpCbEQzajJOClNiY0JXanhBamYxcnhTd3ZOUVU9Ci0tLS0tRU5EIENFUlRJRklDQVRFLS0tLS0K",
                            "master_auth.0.client_certificate_config.#": "0",
                            "master_auth.0.client_key": "LS0tLS1CRUdJTiBSU0EgUFJJVkFURSBLRVktLS0tLQpNSUlFb2dJQkFBS0NBUUVBcGRNRmVqZkNoaEd1ZjA0dHZEOFRxazNkaDc0NGdXZnMxYU9oQTJjQTJSVURFNHhYCjRSYituemhaemFFQ242ZExWdkh6aUdWTGJNR0pYS3UzSTlqOWdhTkFmL3paUnd0WVpvWTNvNkVVNnA4T1JqamcKRWx4Skd5UmdFQ0JWQjNyaHVrcmlRZThLNkxmb0ZzakpwUjZ2TlFRZXpnMFYyaFpBQW5sTi94dHBnWXRyUEpLQwppVHJXVVVKbm95b2g4QXZEZnkzT0thbzdMVjlLaERzbmJPSlBYRU9Ea3lPZ0V5eU01MUNzOXJQcDNsRHZDMjlVCnU3aGlCbEdnSy9VMU14dGNRYXpKK1VsVHA2aWp1T3B1ZFREUk93Qmh3bnU2SW0zbndXS1cxTzlnS1RCaU1ZYXQKOUt3Nko1YVNRUjMzWmprWFFIUmtRZ1dmb3h1V2RhSjkyWEpsbndJREFRQUJBb0lCQUJ4R0wyUm45b2lTb2p5OQpzVW1zUGFlbnNES3hpZ1B5bXV6UWdpZEkzRm1uWGdkcXdoODBvd1MyQUlYeHdyZERPTExoL1dMUDFyejhBUFptCnB3cjdPRHB2QWhQd29vR2RHeDBjSEllUGN6Z1FGOGg4Y1NSZ1RPek9WbnpaYm5ZZ2l6V1BDQ1l5NHByTXBNdWgKdjlRaU44Q2o2N2E1ZjNUWW4yQnNtNUo0YzVSdFVTbGZ5NUh2QWFzRnJZbDhjNThuYjNGS2NwWDVRNlpjWHlPZApMeXB3b2hOK2NqRkd1SGY4d01iZmpuVE9KS2JQN3VvOGZEcStFbWpPUEdFUXVObERodi9jdSsvejFrTnFuV3h0Cm1DTVFXc2J6RTkwLzNaT1FsKzVUNVpBWW5yQkEvdnR1Tk5id1NyT3ExNFBCQTFFdmhnWVJYa2RqcWdHdXpHUkkKQ1Y5c0M2RUNnWUVBNDBUT1FXMVNhekw1d2kyZ09TQWRhamFEOXlmemdDSk5OdG9EYWtCWnA2NkZ3alFtSVRJVwpZNFVCTFhyRFNsT0swWDloMHdnWElEZ1pQRTE4N2J6S1dwajR5cXI4SDB3aVlVbHJnbStTTDNVRTVtYml5MEZPCm16OElpekxldURSQXUrRUV0cXlwZ01td3hCUVhBbzJTTk9hbXJOTmwwcDBCbUYrVlVPRlhjMzhDZ1lFQXVzbXAKb285WW1sdExkbnJYckM0cXl2RnpRdU51WG1nWDVWSFpZVzVKd2RPazUrd2REeHlIK0JHZ3R5Sk9GU3ZCYjh5TwpZanNFV1FibEFlblVuZmZRYVJqV3UzMTBQNXlVQlN6Ulh2MFkrNUlrVlZyd2NHN2VvekEyNGRYUUlDRmpMUVhhCmVFZStnaWdEbFZNQ21oN3o1b1NvYkhlTWQ4SkljMnorY1FLL25lRUNnWUJ3akJkMGNUWWFubER2WjNic00wbzkKMmlkNkUwL1VDYWloWEUvS28zbUN2N3UvMCtGNkdQcmJaL2VRVlRZM0xhNFdWM1hUY3pNNG9tOWszSjdjZ056WgpCdDVXUjF5NkJ4TVRpSzkwRmRxWUkrUThVWUZJMU51ZnFCU01FcklYR05GaCtXcERLTGg4YmVWYkJQUHNNTDNSCjh0Tmh6UUtrelZvSDRuWG9hdC9LOHdLQmdHVExUOHZWK0tVSzROVGxneDU1cDBQdU9SbCtLdCtzNGtBd0E5THMKdGNadlZBeUd3RU9ZVE5NVGlCdHEycUhZQThFMXJCdmI1d08za2JxUG1ObEprZUEwdENObWxtV0JNK3I2L1Z4NQp6Wkpya1VteUVnOUo5TUF3MDF6WWlUL2RaR3cyUFdjc3ArUUtmYXlGcCtETkZTWnVyWWdpbHQxRkxOMkVrbVVmCmE1RmhBb0dBQngyNmpqbVMrU0ZOcHU5V3A2dDhmS1FHSkwrbTNXSzZUTUNPdzdHQnNEVkE3QlEvdEhCcUNtZFIKU0JiakFtZW1ER1NFcUsyK1R0TXY2Tndmek54blhnekVtbUFzcVhDdWxFVlRPa3ZySlVTSWdjYzhRbnR0MURwagozY3JFc3NvRW5qVjB4Ym96UHlqYmtzU21GQWlRenhxWEgrTGxYdTIyYm9RNzZCRDJ1ZXM9Ci0tLS0tRU5EIFJTQSBQUklWQVRFIEtFWS0tLS0tCg==",
                            "master_auth.0.cluster_ca_certificate": "LS0tLS1CRUdJTiBDRVJUSUZJQ0FURS0tLS0tCk1JSURDekNDQWZPZ0F3SUJBZ0lRQlYxRzNSR1FjNVY1RERuaEU0b2J6ekFOQmdrcWhraUc5dzBCQVFzRkFEQXYKTVMwd0t3WURWUVFERXlRM1lXRmlNemhtTlMxa01tVXdMVFJoT1dVdFltWmxZUzB5WXpKbFltWTRPVEkyTVRFdwpIaGNOTVRneE1EQTFNak13TWpNd1doY05Nak14TURBMU1EQXdNak13V2pBdk1TMHdLd1lEVlFRREV5UTNZV0ZpCk16aG1OUzFrTW1Vd0xUUmhPV1V0WW1abFlTMHlZekpsWW1ZNE9USTJNVEV3Z2dFaU1BMEdDU3FHU0liM0RRRUIKQVFVQUE0SUJEd0F3Z2dFS0FvSUJBUUM2ZW1tbnBWTU5rNzFMNGV5RGk0aUhEZDUvWCs3RnN3V3gzMlB1VWZjUQpVamNEK091bnY5aGNUUjZ1Qkx2ajVqSVF5MDMzTk5CY05VNW81ZERKb3J2UGxUcE8vT1N1cHVRdjlmVGtrSmlBCkVpZ2lwV05wSHptMFhxbXdnZGhnanNzQnd4aSsxcXVCckF5MHBSWGszdnpZMWp4UDl3ZFVjdDJ2cllUcTlEWXIKQjBSM3k1TXByWGxsaTdrbi9UVzd5UStZdlYvMGdEemVpSUhKMFlaVDE3bm1OSEVRVEsvRzRmclZzcVprZGw4cQpkWEg3MStwbStzTHZyRFlXMkcydDVjUUxWK1N4dFJuZEpzU3dWWWMzVEx5SlBFUDRWaUVuVmp1Vk5ZVVdtc3NOCklvcU9RR245VVFOdUN2cnkxMGM1ek5HVHZZVnRBQUZnbTFDamtuVEhBR2pWQWdNQkFBR2pJekFoTUE0R0ExVWQKRHdFQi93UUVBd0lDQkRBUEJnTlZIUk1CQWY4RUJUQURBUUgvTUEwR0NTcUdTSWIzRFFFQkN3VUFBNElCQVFBNgpYV296N0djUSt6YjVrWEFXMkhtNHd6RzNHakFVaUpIR01QVDZ6NkExcW9xS3ZOVDMxRFM3SXpYQlZpaElCbmxMCm05dll2bmNxWHhwZ1B3a3IvMWlDcEpNT21VYjFUNXU1MWJ5Q21rS1MzbHRLTW5RV1o5b01wTi9idXU4UFJ5OVkKbVNvMThrMm9RQ0VETFRla1pwS0ZSSG90aU9Gak1zZEI2cjhwN0NlTVlBSHVZbGNoTGIyS3A2ZWd1dXJmZUREegpJdTd2ZC8yRmZ2ajZZdnFtM1hnN2plWFJRcFNEUFhxcklxcGRyM1pyNmhBVUd4aUk1SXdtalVYRGRTL2FkUVNEClNEd0xiejQza2M1ZmhyaFhkWk9tRldYUUlxVExoZldqRmhXV29ubkVUOWExS213NkM4MDFPZkVVUVRJNkhkeXIKUFhBRitWbExmU1J2d0w2TjJnYjYKLS0tLS1FTkQgQ0VSVElGSUNBVEUtLS0tLQo=",
                            "master_auth.0.password": "8PW6A4dApy$Bn#m_",
                            "master_auth.0.username": "kube-admin",
                            "master_authorized_networks_config.#": "0",
                            "master_ipv4_cidr_block": "",
                            "master_version": "1.9.7-gke.6",
                            "monitoring_service": "monitoring.googleapis.com",
                            "name": "neovencia-cluster",
                            "network": "projects/neovencia/global/networks/neovencia-platform",
                            "network_policy.#": "1",
                            "network_policy.0.enabled": "false",
                            "network_policy.0.provider": "PROVIDER_UNSPECIFIED",
                            "node_config.#": "1",
                            "node_config.0.disk_size_gb": "100",
                            "node_config.0.disk_type": "pd-standard",
                            "node_config.0.guest_accelerator.#": "0",
                            "node_config.0.image_type": "COS",
                            "node_config.0.labels.%": "0",
                            "node_config.0.local_ssd_count": "0",
                            "node_config.0.machine_type": "n1-standard-1",
                            "node_config.0.metadata.%": "0",
                            "node_config.0.min_cpu_platform": "",
                            "node_config.0.oauth_scopes.#": "6",
                            "node_config.0.oauth_scopes.1277378754": "https://www.googleapis.com/auth/monitoring",
                            "node_config.0.oauth_scopes.1693978638": "https://www.googleapis.com/auth/devstorage.full_control",
                            "node_config.0.oauth_scopes.172152165": "https://www.googleapis.com/auth/logging.write",
                            "node_config.0.oauth_scopes.1733087937": "https://www.googleapis.com/auth/cloud-platform",
                            "node_config.0.oauth_scopes.299962681": "https://www.googleapis.com/auth/compute",
                            "node_config.0.oauth_scopes.4159840982": "https://www.googleapis.com/auth/projecthosting",
                            "node_config.0.preemptible": "false",
                            "node_config.0.service_account": "default",
                            "node_config.0.tags.#": "0",
                            "node_config.0.taint.#": "0",
                            "node_config.0.workload_metadata_config.#": "0",
                            "node_pool.#": "1",
                            "node_pool.0.autoscaling.#": "0",
                            "node_pool.0.initial_node_count": "1",
                            "node_pool.0.instance_group_urls.#": "1",
                            "node_pool.0.instance_group_urls.0": "https://www.googleapis.com/compute/v1/projects/neovencia/zones/us-central1-a/instanceGroupManagers/gke-neovencia-cluster-default-pool-410b13ca-grp",
                            "node_pool.0.management.#": "1",
                            "node_pool.0.management.0.auto_repair": "false",
                            "node_pool.0.management.0.auto_upgrade": "false",
                            "node_pool.0.max_pods_per_node": "0",
                            "node_pool.0.name": "default-pool",
                            "node_pool.0.name_prefix": "",
                            "node_pool.0.node_config.#": "1",
                            "node_pool.0.node_config.0.disk_size_gb": "100",
                            "node_pool.0.node_config.0.disk_type": "pd-standard",
                            "node_pool.0.node_config.0.guest_accelerator.#": "0",
                            "node_pool.0.node_config.0.image_type": "COS",
                            "node_pool.0.node_config.0.labels.%": "0",
                            "node_pool.0.node_config.0.local_ssd_count": "0",
                            "node_pool.0.node_config.0.machine_type": "n1-standard-1",
                            "node_pool.0.node_config.0.metadata.%": "0",
                            "node_pool.0.node_config.0.min_cpu_platform": "",
                            "node_pool.0.node_config.0.oauth_scopes.#": "6",
                            "node_pool.0.node_config.0.oauth_scopes.1277378754": "https://www.googleapis.com/auth/monitoring",
                            "node_pool.0.node_config.0.oauth_scopes.1693978638": "https://www.googleapis.com/auth/devstorage.full_control",
                            "node_pool.0.node_config.0.oauth_scopes.172152165": "https://www.googleapis.com/auth/logging.write",
                            "node_pool.0.node_config.0.oauth_scopes.1733087937": "https://www.googleapis.com/auth/cloud-platform",
                            "node_pool.0.node_config.0.oauth_scopes.299962681": "https://www.googleapis.com/auth/compute",
                            "node_pool.0.node_config.0.oauth_scopes.4159840982": "https://www.googleapis.com/auth/projecthosting",
                            "node_pool.0.node_config.0.preemptible": "false",
                            "node_pool.0.node_config.0.service_account": "default",
                            "node_pool.0.node_config.0.tags.#": "0",
                            "node_pool.0.node_config.0.taint.#": "0",
                            "node_pool.0.node_config.0.workload_metadata_config.#": "0",
                            "node_pool.0.node_count": "1",
                            "node_pool.0.version": "1.9.7-gke.6",
                            "node_version": "1.9.7-gke.6",
                            "pod_security_policy_config.#": "0",
                            "private_cluster": "false",
                            "project": "neovencia",
                            "resource_labels.%": "0",
                            "subnetwork": "projects/neovencia/regions/us-central1/subnetworks/dev-neovencia-platform-us-central1",
                            "zone": "us-central1-a"
                        },
                        "meta": {
                            "e2bfb730-ecaa-11e6-8f88-34363bc7c4c0": {
                                "create": 1800000000000,
                                "delete": 1800000000000,
                                "update": 600000000000
                            },
                            "schema_version": "1"
                        },
                        "tainted": false
                    },
                    "deposed": [],
                    "provider": "provider.google"
                },
                "google_dns_managed_zone.neovencia-prod-zone": {
                    "type": "google_dns_managed_zone",
                    "depends_on": [],
                    "primary": {
                        "id": "neovencia-prod",
                        "attributes": {
                            "description": "neovencia prod DNS Zone",
                            "dns_name": "prod.neovencia.com.",
                            "id": "neovencia-prod",
                            "labels.%": "0",
                            "name": "neovencia-prod",
                            "name_servers.#": "4",
                            "name_servers.0": "ns-cloud-e1.googledomains.com.",
                            "name_servers.1": "ns-cloud-e2.googledomains.com.",
                            "name_servers.2": "ns-cloud-e3.googledomains.com.",
                            "name_servers.3": "ns-cloud-e4.googledomains.com.",
                            "project": "neovencia"
                        },
                        "meta": {},
                        "tainted": false
                    },
                    "deposed": [],
                    "provider": "provider.google"
                },
                "google_dns_managed_zone.neovencia-root-zone": {
                    "type": "google_dns_managed_zone",
                    "depends_on": [],
                    "primary": {
                        "id": "neovencia",
                        "attributes": {
                            "description": "neovencia root DNS Zone",
                            "dns_name": "neovencia.com.",
                            "id": "neovencia",
                            "labels.%": "0",
                            "name": "neovencia",
                            "name_servers.#": "4",
                            "name_servers.0": "ns-cloud-b1.googledomains.com.",
                            "name_servers.1": "ns-cloud-b2.googledomains.com.",
                            "name_servers.2": "ns-cloud-b3.googledomains.com.",
                            "name_servers.3": "ns-cloud-b4.googledomains.com.",
                            "project": "neovencia"
                        },
                        "meta": {},
                        "tainted": false
                    },
                    "deposed": [],
                    "provider": "provider.google"
                },
                "google_dns_managed_zone.neovencia-test-zone": {
                    "type": "google_dns_managed_zone",
                    "depends_on": [],
                    "primary": {
                        "id": "neovencia-test",
                        "attributes": {
                            "description": "neovencia test DNS Zone",
                            "dns_name": "test.neovencia.com.",
                            "id": "neovencia-test",
                            "labels.%": "0",
                            "name": "neovencia-test",
                            "name_servers.#": "4",
                            "name_servers.0": "ns-cloud-d1.googledomains.com.",
                            "name_servers.1": "ns-cloud-d2.googledomains.com.",
                            "name_servers.2": "ns-cloud-d3.googledomains.com.",
                            "name_servers.3": "ns-cloud-d4.googledomains.com.",
                            "project": "neovencia"
                        },
                        "meta": {},
                        "tainted": false
                    },
                    "deposed": [],
                    "provider": "provider.google"
                }
            },
            "depends_on": []
        }
    ]
}
